{
  "version": 4,
  "terraform_version": "0.14.9",
  "serial": 9,
  "lineage": "8f40635f-edea-2b90-edcb-95af50e17dd8",
  "outputs": {},
  "resources": [
    {
      "module": "module.cluster",
      "mode": "data",
      "type": "google_project",
      "name": "this",
      "provider": "provider[\"registry.terraform.io/hashicorp/google\"]",
      "instances": [
        {
          "schema_version": 0,
          "attributes": {
            "auto_create_network": null,
            "billing_account": "011B0D-89F30B-928BC1",
            "folder_id": null,
            "id": "projects/angular-amp-304510",
            "labels": {},
            "name": "My First Project",
            "number": "534856141141",
            "org_id": null,
            "project_id": "angular-amp-304510",
            "skip_delete": null
          },
          "sensitive_attributes": []
        }
      ]
    },
    {
      "module": "module.cluster",
      "mode": "managed",
      "type": "google_container_cluster",
      "name": "this",
      "provider": "provider[\"registry.terraform.io/hashicorp/google\"]",
      "instances": [
        {
          "schema_version": 1,
          "attributes": {
            "addons_config": [
              {
                "cloudrun_config": [],
                "horizontal_pod_autoscaling": [],
                "http_load_balancing": [],
                "network_policy_config": [
                  {
                    "disabled": true
                  }
                ]
              }
            ],
            "authenticator_groups_config": [],
            "cluster_autoscaling": [
              {
                "auto_provisioning_defaults": [],
                "enabled": false,
                "resource_limits": []
              }
            ],
            "cluster_ipv4_cidr": "172.16.0.0/12",
            "database_encryption": [
              {
                "key_name": "",
                "state": "DECRYPTED"
              }
            ],
            "default_max_pods_per_node": 110,
            "description": "",
            "enable_binary_authorization": false,
            "enable_intranode_visibility": null,
            "enable_kubernetes_alpha": false,
            "enable_legacy_abac": false,
            "enable_shielded_nodes": false,
            "enable_tpu": null,
            "endpoint": "35.192.30.79",
            "id": "projects/angular-amp-304510/locations/us-central1/clusters/my-cluster",
            "initial_node_count": 1,
            "instance_group_urls": [],
            "ip_allocation_policy": [
              {
                "cluster_ipv4_cidr_block": "172.16.0.0/12",
                "cluster_secondary_range_name": "gke-my-cluster-pods-11aee7cd",
                "services_ipv4_cidr_block": "192.168.0.0/16",
                "services_secondary_range_name": "gke-my-cluster-services-11aee7cd"
              }
            ],
            "label_fingerprint": "a9dc16a7",
            "location": "us-central1",
            "logging_service": "logging.googleapis.com/kubernetes",
            "maintenance_policy": [],
            "master_auth": [
              {
                "client_certificate": "",
                "client_certificate_config": [
                  {
                    "issue_client_certificate": false
                  }
                ],
                "client_key": "",
                "cluster_ca_certificate": "LS0tLS1CRUdJTiBDRVJUSUZJQ0FURS0tLS0tCk1JSURLekNDQWhPZ0F3SUJBZ0lSQUp3K2lHRDNjcVZNVUNjNTd4NlRab1V3RFFZSktvWklodmNOQVFFTEJRQXcKTHpFdE1Dc0dBMVVFQXhNa1lqUmxOak5sTnpVdFpEVTBPQzAwTTJObUxUZzVOamN0TW1Wa016WmtZV001TlRFeApNQjRYRFRJeE1ETXlPREV3TXpRd01Wb1hEVEkyTURNeU56RXhNelF3TVZvd0x6RXRNQ3NHQTFVRUF4TWtZalJsCk5qTmxOelV0WkRVME9DMDBNMk5tTFRnNU5qY3RNbVZrTXpaa1lXTTVOVEV4TUlJQklqQU5CZ2txaGtpRzl3MEIKQVFFRkFBT0NBUThBTUlJQkNnS0NBUUVBenJtOWswM3c0ZkJLQnZvVFVESkF6UVc4dlJSaGdLRG5pMTJoUG9FVAp5R0lOdjdWVTlvZFh2Z0NZbk92RjVEYlh3K3YzYzd3bWp2NHBHMmg5L0xYcEtiQ3ZUYnZNZUpBdDhlR3NFclgyCjhLYWo3d3E1akp1MkhKT2llb3daR0ZDWmtRN1dGWEdxU1RTWmM3MkFmdlZyZlhQaXRRV0pjUy9xTmxLdWsvcFEKcjEzZSttQlVRZlplU2h2bXgyaHdDQ1BXM1cvc2JybmQzclBjSkZIWGlvQmh2aGlacXpITGJSenRRSmU3a29MYgp6M1Y5R3lKQTViZkdBbnBqeGdSTHNFUG1HelBDNEpNUStyUTM0SFBIVXFUanZkLzRpaytOSXdrNHhKWGVpWDRJCmxXZlBUQXVyS25icGhJQWRMSXNaNW12WDcreFhpYVREeUhMZmtGbWZubUhjRFFJREFRQUJvMEl3UURBT0JnTlYKSFE4QkFmOEVCQU1DQWdRd0R3WURWUjBUQVFIL0JBVXdBd0VCL3pBZEJnTlZIUTRFRmdRVUJvOHhSL0thK1dUbApKOEI3cmpLUnpTNkVNcDB3RFFZSktvWklodmNOQVFFTEJRQURnZ0VCQUVleDdmbXdRd1VGcVlGcndNa0I4Q3JBCk1GWmQ2aCswSlpLSFB2UFE2TStVV3k4ZFRORmtXR2tPMEtTdzFxcGRWYlZpbUZoNmJQWHN3ckdVNUFhRUY4c3YKR3ZSVGZRc3E2T3A3TGc1WmlDQ0JTYTF2aTlwNlVuT21HSHYrVWU4b2FHQi9wMXRLWHFiQjgwTXc4dFZyakpkMgpoWGZiMXo4VUM2dDBPQXhSck1SV3p0eTJsY2NqNkdVT3Z6YUlrWVpGazlmTi85TENNelkzNE1hK2dJMU5tdnBUCkFDaS9RT2RLQzVPNU5XTXZFRkNuUDNwRGNvTU9tWDJOMlZCSFA0MnRLcGx4YXRxcnQ4YzJ6L1ArV0xtS0ZDdDAKZ1lRMUN4MnlEcm1ucHBVWTVud0JSNWRLLzlyTXhmcERHRG1lRjB6eVpWeDNCcjVhL0tuS2xpTUNJNlhjMHZrPQotLS0tLUVORCBDRVJUSUZJQ0FURS0tLS0tCg==",
                "password": "",
                "username": ""
              }
            ],
            "master_authorized_networks_config": [],
            "master_version": "1.18.16-gke.1200",
            "min_master_version": "1.18.16-gke.1200",
            "monitoring_service": "monitoring.googleapis.com/kubernetes",
            "name": "my-cluster",
            "network": "projects/angular-amp-304510/global/networks/default",
            "network_policy": [
              {
                "enabled": false,
                "provider": "PROVIDER_UNSPECIFIED"
              }
            ],
            "node_config": [],
            "node_locations": [
              "us-central1-a",
              "us-central1-b",
              "us-central1-c"
            ],
            "node_pool": [],
            "node_version": "1.18.16-gke.1200",
            "operation": null,
            "pod_security_policy_config": [],
            "private_cluster_config": [],
            "project": "angular-amp-304510",
            "release_channel": [
              {
                "channel": "UNSPECIFIED"
              }
            ],
            "remove_default_node_pool": true,
            "resource_labels": null,
            "resource_usage_export_config": [],
            "self_link": "https://container.googleapis.com/v1beta1/projects/angular-amp-304510/locations/us-central1/clusters/my-cluster",
            "services_ipv4_cidr": "192.168.0.0/16",
            "subnetwork": "projects/angular-amp-304510/regions/us-central1/subnetworks/default",
            "timeouts": null,
            "vertical_pod_autoscaling": [],
            "workload_identity_config": [
              {
                "identity_namespace": "angular-amp-304510.svc.id.goog"
              }
            ]
          },
          "sensitive_attributes": [],
          "private": "eyJlMmJmYjczMC1lY2FhLTExZTYtOGY4OC0zNDM2M2JjN2M0YzAiOnsiY3JlYXRlIjoyNDAwMDAwMDAwMDAwLCJkZWxldGUiOjI0MDAwMDAwMDAwMDAsInJlYWQiOjI0MDAwMDAwMDAwMDAsInVwZGF0ZSI6MzYwMDAwMDAwMDAwMH0sInNjaGVtYV92ZXJzaW9uIjoiMSJ9",
          "dependencies": [
            "module.cluster.data.google_project.this"
          ]
        }
      ]
    },
    {
      "module": "module.cluster",
      "mode": "managed",
      "type": "google_container_node_pool",
      "name": "this",
      "provider": "provider[\"registry.terraform.io/hashicorp/google\"]",
      "instances": [
        {
          "schema_version": 1,
          "attributes": {
            "autoscaling": [],
            "cluster": "my-cluster",
            "id": "projects/angular-amp-304510/locations/us-central1/clusters/my-cluster/nodePools/my-node-pool",
            "initial_node_count": 1,
            "instance_group_urls": [
              "https://www.googleapis.com/compute/v1/projects/angular-amp-304510/zones/us-central1-a/instanceGroupManagers/gke-my-cluster-my-node-pool-7d333961-grp",
              "https://www.googleapis.com/compute/v1/projects/angular-amp-304510/zones/us-central1-b/instanceGroupManagers/gke-my-cluster-my-node-pool-d3af91e8-grp",
              "https://www.googleapis.com/compute/v1/projects/angular-amp-304510/zones/us-central1-c/instanceGroupManagers/gke-my-cluster-my-node-pool-fef638f5-grp"
            ],
            "location": "us-central1",
            "management": [
              {
                "auto_repair": false,
                "auto_upgrade": false
              }
            ],
            "max_pods_per_node": 110,
            "name": "my-node-pool",
            "name_prefix": "",
            "node_config": [
              {
                "disk_size_gb": 100,
                "disk_type": "pd-standard",
                "guest_accelerator": [],
                "image_type": "COS",
                "labels": {},
                "local_ssd_count": 0,
                "machine_type": "e2-medium",
                "metadata": {
                  "disable-legacy-endpoints": "true"
                },
                "min_cpu_platform": "",
                "oauth_scopes": [
                  "https://www.googleapis.com/auth/logging.write",
                  "https://www.googleapis.com/auth/monitoring"
                ],
                "preemptible": false,
                "service_account": "default",
                "shielded_instance_config": [
                  {
                    "enable_integrity_monitoring": true,
                    "enable_secure_boot": false
                  }
                ],
                "tags": null,
                "taint": [],
                "workload_metadata_config": [
                  {
                    "node_metadata": "GKE_METADATA_SERVER"
                  }
                ]
              }
            ],
            "node_count": 1,
            "node_locations": [
              "us-central1-a",
              "us-central1-b",
              "us-central1-c"
            ],
            "project": "angular-amp-304510",
            "timeouts": null,
            "upgrade_settings": [
              {
                "max_surge": 1,
                "max_unavailable": 0
              }
            ],
            "version": "1.18.16-gke.1200"
          },
          "sensitive_attributes": [],
          "private": "eyJlMmJmYjczMC1lY2FhLTExZTYtOGY4OC0zNDM2M2JjN2M0YzAiOnsiY3JlYXRlIjoxODAwMDAwMDAwMDAwLCJkZWxldGUiOjE4MDAwMDAwMDAwMDAsInVwZGF0ZSI6MTgwMDAwMDAwMDAwMH0sInNjaGVtYV92ZXJzaW9uIjoiMSJ9",
          "dependencies": [
            "module.cluster.data.google_project.this",
            "module.cluster.google_container_cluster.this"
          ]
        }
      ]
    },
    {
      "module": "module.halyard",
      "mode": "managed",
      "type": "google_compute_instance",
      "name": "this",
      "provider": "provider[\"registry.terraform.io/hashicorp/google\"]",
      "instances": [
        {
          "schema_version": 6,
          "attributes": {
            "allow_stopping_for_update": null,
            "attached_disk": [],
            "boot_disk": [
              {
                "auto_delete": true,
                "device_name": "persistent-disk-0",
                "disk_encryption_key_raw": "",
                "disk_encryption_key_sha256": "",
                "initialize_params": [
                  {
                    "image": "https://www.googleapis.com/compute/v1/projects/debian-cloud/global/images/debian-9-stretch-v20210316",
                    "labels": {},
                    "size": 10,
                    "type": "pd-standard"
                  }
                ],
                "kms_key_self_link": "",
                "mode": "READ_WRITE",
                "source": "https://www.googleapis.com/compute/v1/projects/angular-amp-304510/zones/us-central1-a/disks/halyard"
              }
            ],
            "can_ip_forward": false,
            "cpu_platform": "Intel Haswell",
            "current_status": "RUNNING",
            "deletion_protection": false,
            "description": "",
            "desired_status": null,
            "enable_display": false,
            "guest_accelerator": [],
            "hostname": "",
            "id": "projects/angular-amp-304510/zones/us-central1-a/instances/halyard",
            "instance_id": "1171340075624948460",
            "label_fingerprint": "42WmSpB8rSM=",
            "labels": {},
            "machine_type": "e2-highmem-2",
            "metadata": {},
            "metadata_fingerprint": "DjIr38fH0Pk=",
            "metadata_startup_script": "#!/bin/bash\n# COMMON\napt-get update; apt-get install -y software-properties-common apt-transport-https ca-certificates gnupg\n# GGLOUD\ncurl https://packages.cloud.google.com/apt/doc/apt-key.gpg | apt-key --keyring /usr/share/keyrings/cloud.google.gpg add -\napt-get update \u0026\u0026 apt-get install google-cloud-sdk\n# KUBECTL\ncurl -LO https://storage.googleapis.com/kubernetes-release/release/v1.17.0/bin/linux/amd64/kubectl\nchmod +x ./kubectl\nmv ./kubectl /usr/local/bin/kubectl\n# SPINNAKER\nwget -O- https://apt.corretto.aws/corretto.key | apt-key add -\nadd-apt-repository 'deb https://apt.corretto.aws stable main'\napt-get update; apt-get install -y java-11-amazon-corretto-jdk\ncurl -O https://raw.githubusercontent.com/spinnaker/halyard/master/install/debian/InstallHalyard.sh\n",
            "min_cpu_platform": "",
            "name": "halyard",
            "network_interface": [
              {
                "access_config": [
                  {
                    "nat_ip": "35.232.7.105",
                    "network_tier": "PREMIUM",
                    "public_ptr_domain_name": ""
                  }
                ],
                "alias_ip_range": [],
                "name": "nic0",
                "network": "https://www.googleapis.com/compute/v1/projects/angular-amp-304510/global/networks/default",
                "network_ip": "10.128.0.27",
                "subnetwork": "https://www.googleapis.com/compute/v1/projects/angular-amp-304510/regions/us-central1/subnetworks/default",
                "subnetwork_project": "angular-amp-304510"
              }
            ],
            "project": "angular-amp-304510",
            "resource_policies": [],
            "scheduling": [
              {
                "automatic_restart": true,
                "node_affinities": [],
                "on_host_maintenance": "MIGRATE",
                "preemptible": false
              }
            ],
            "scratch_disk": [],
            "self_link": "https://www.googleapis.com/compute/v1/projects/angular-amp-304510/zones/us-central1-a/instances/halyard",
            "service_account": [
              {
                "email": "halyard@angular-amp-304510.iam.gserviceaccount.com",
                "scopes": [
                  "https://www.googleapis.com/auth/cloud-platform"
                ]
              }
            ],
            "shielded_instance_config": [],
            "tags": [],
            "tags_fingerprint": "42WmSpB8rSM=",
            "timeouts": null,
            "zone": "us-central1-a"
          },
          "sensitive_attributes": [],
          "private": "eyJlMmJmYjczMC1lY2FhLTExZTYtOGY4OC0zNDM2M2JjN2M0YzAiOnsiY3JlYXRlIjoxMjAwMDAwMDAwMDAwLCJkZWxldGUiOjEyMDAwMDAwMDAwMDAsInVwZGF0ZSI6MTIwMDAwMDAwMDAwMH0sInNjaGVtYV92ZXJzaW9uIjoiNiJ9",
          "dependencies": [
            "module.halyard.google_service_account.this"
          ]
        }
      ]
    },
    {
      "module": "module.halyard",
      "mode": "managed",
      "type": "google_project_iam_binding",
      "name": "logging_log_writer",
      "provider": "provider[\"registry.terraform.io/hashicorp/google\"]",
      "instances": [
        {
          "schema_version": 0,
          "attributes": {
            "condition": [],
            "etag": "BwW+llRAXeI=",
            "id": "angular-amp-304510/roles/logging.logWriter",
            "members": [
              "serviceAccount:halyard@angular-amp-304510.iam.gserviceaccount.com"
            ],
            "project": "angular-amp-304510",
            "role": "roles/logging.logWriter"
          },
          "sensitive_attributes": [],
          "private": "bnVsbA==",
          "dependencies": [
            "module.halyard.google_service_account.this"
          ]
        }
      ]
    },
    {
      "module": "module.halyard",
      "mode": "managed",
      "type": "google_project_iam_binding",
      "name": "monitoring_metric_writer",
      "provider": "provider[\"registry.terraform.io/hashicorp/google\"]",
      "instances": [
        {
          "schema_version": 0,
          "attributes": {
            "condition": [],
            "etag": "BwW+llRAXeI=",
            "id": "angular-amp-304510/roles/monitoring.metricWriter",
            "members": [
              "serviceAccount:halyard@angular-amp-304510.iam.gserviceaccount.com"
            ],
            "project": "angular-amp-304510",
            "role": "roles/monitoring.metricWriter"
          },
          "sensitive_attributes": [],
          "private": "bnVsbA==",
          "dependencies": [
            "module.halyard.google_service_account.this"
          ]
        }
      ]
    },
    {
      "module": "module.halyard",
      "mode": "managed",
      "type": "google_service_account",
      "name": "this",
      "provider": "provider[\"registry.terraform.io/hashicorp/google\"]",
      "instances": [
        {
          "schema_version": 0,
          "attributes": {
            "account_id": "halyard",
            "description": "",
            "display_name": "Halyard",
            "email": "halyard@angular-amp-304510.iam.gserviceaccount.com",
            "id": "projects/angular-amp-304510/serviceAccounts/halyard@angular-amp-304510.iam.gserviceaccount.com",
            "name": "projects/angular-amp-304510/serviceAccounts/halyard@angular-amp-304510.iam.gserviceaccount.com",
            "project": "angular-amp-304510",
            "timeouts": null,
            "unique_id": "112557419399042775376"
          },
          "sensitive_attributes": [],
          "private": "eyJlMmJmYjczMC1lY2FhLTExZTYtOGY4OC0zNDM2M2JjN2M0YzAiOnsiY3JlYXRlIjozMDAwMDAwMDAwMDB9fQ=="
        }
      ]
    }
  ]
}
